
Microsoft Visual Studio Solution File, Format Version 12.00
# Visual Studio 14
VisualStudioVersion = 14.0.25123.0
MinimumVisualStudioVersion = 10.0.40219.1
Project("{FAE04EC0-301F-11D3-BF4B-00C04F79EFBC}") = "MyBlog", "MyBlog\MyBlog.csproj", "{31370E40-7A72-494C-A5F0-337243D05EE8}"
EndProject
Project("{FAE04EC0-301F-11D3-BF4B-00C04F79EFBC}") = "MyBlog.Tests", "MyBlog.Tests\MyBlog.Tests.csproj", "{158E580E-E79D-4ACA-8E54-AF53FC932FE4}"
EndProject
Global
	GlobalSection(SolutionConfigurationPlatforms) = preSolution
		Debug|Any CPU = Debug|Any CPU
		Release|Any CPU = Release|Any CPU
	EndGlobalSection
	GlobalSection(ProjectConfigurationPlatforms) = postSolution
		{31370E40-7A72-494C-A5F0-337243D05EE8}.Debug|Any CPU.ActiveCfg = Debug|Any CPU
		{31370E40-7A72-494C-A5F0-337243D05EE8}.Debug|Any CPU.Build.0 = Debug|Any CPU
		{31370E40-7A72-494C-A5F0-337243D05EE8}.Release|Any CPU.ActiveCfg = Release|Any CPU
		{31370E40-7A72-494C-A5F0-337243D05EE8}.Release|Any CPU.Build.0 = Release|Any CPU
		{158E580E-E79D-4ACA-8E54-AF53FC932FE4}.Debug|Any CPU.ActiveCfg = Debug|Any CPU
		{158E580E-E79D-4ACA-8E54-AF53FC932FE4}.Debug|Any CPU.Build.0 = Debug|Any CPU
		{158E580E-E79D-4ACA-8E54-AF53FC932FE4}.Release|Any CPU.ActiveCfg = Release|Any CPU
		{158E580E-E79D-4ACA-8E54-AF53FC932FE4}.Release|Any CPU.Build.0 = Release|Any CPU
	EndGlobalSection
	GlobalSection(SolutionProperties) = preSolution
		HideSolutionNode = FALSE
	EndGlobalSection
EndGlobal
